
Microsoft Visual Studio Solution File, Format Version 12.00
# Visual Studio Version 16
VisualStudioVersion = 16.0.32929.386
MinimumVisualStudioVersion = 10.0.40219.1
Project("{8BC9CEB8-8B4A-11D0-8D11-00A0C91BC942}") = "ez-steam-api", "src\dll.vcxproj", "{963441C3-D2C9-49D2-921D-3BB81B667FAE}"
EndProject
Global
	GlobalSection(SolutionConfigurationPlatforms) = preSolution
		Debug|x64 = Debug|x64
		Debug|x86 = Debug|x86
		Release|x64 = Release|x64
		Release|x86 = Release|x86
	EndGlobalSection
	GlobalSection(ProjectConfigurationPlatforms) = postSolution
		{963441C3-D2C9-49D2-921D-3BB81B667FAE}.Debug|x64.ActiveCfg = Debug|x64
		{963441C3-D2C9-49D2-921D-3BB81B667FAE}.Debug|x64.Build.0 = Debug|x64
		{963441C3-D2C9-49D2-921D-3BB81B667FAE}.Debug|x86.ActiveCfg = Debug|Win32
		{963441C3-D2C9-49D2-921D-3BB81B667FAE}.Debug|x86.Build.0 = Debug|Win32
		{963441C3-D2C9-49D2-921D-3BB81B667FAE}.Release|x64.ActiveCfg = Release|x64
		{963441C3-D2C9-49D2-921D-3BB81B667FAE}.Release|x64.Build.0 = Release|x64
		{963441C3-D2C9-49D2-921D-3BB81B667FAE}.Release|x86.ActiveCfg = Release|Win32
		{963441C3-D2C9-49D2-921D-3BB81B667FAE}.Release|x86.Build.0 = Release|Win32
	EndGlobalSection
	GlobalSection(SolutionProperties) = preSolution
		HideSolutionNode = FALSE
	EndGlobalSection
	GlobalSection(ExtensibilityGlobals) = postSolution
		SolutionGuid = {220531DE-7812-4A3E-B295-A153F74863D8}
	EndGlobalSection
EndGlobal
